
Microsoft Visual Studio Solution File, Format Version 12.00
# Visual Studio Version 16
VisualStudioVersion = 16.0.31613.86
MinimumVisualStudioVersion = 10.0.40219.1
Project("{FAE04EC0-301F-11D3-BF4B-00C04F79EFBC}") = "proiectPIU", "proiectPIU.csproj", "{50FAEFD9-98A5-4BC7-A2E0-CF3E220B8E17}"
EndProject
Project("{FAE04EC0-301F-11D3-BF4B-00C04F79EFBC}") = "AdministrareDate", "AdministrareDate\AdministrareDate.csproj", "{B0309932-06CB-47A0-AB94-FA186CABEEB6}"
EndProject
Global
	GlobalSection(SolutionConfigurationPlatforms) = preSolution
		Debug|Any CPU = Debug|Any CPU
		Release|Any CPU = Release|Any CPU
	EndGlobalSection
	GlobalSection(ProjectConfigurationPlatforms) = postSolution
		{50FAEFD9-98A5-4BC7-A2E0-CF3E220B8E17}.Debug|Any CPU.ActiveCfg = Debug|Any CPU
		{50FAEFD9-98A5-4BC7-A2E0-CF3E220B8E17}.Debug|Any CPU.Build.0 = Debug|Any CPU
		{50FAEFD9-98A5-4BC7-A2E0-CF3E220B8E17}.Release|Any CPU.ActiveCfg = Release|Any CPU
		{50FAEFD9-98A5-4BC7-A2E0-CF3E220B8E17}.Release|Any CPU.Build.0 = Release|Any CPU
		{B0309932-06CB-47A0-AB94-FA186CABEEB6}.Debug|Any CPU.ActiveCfg = Debug|Any CPU
		{B0309932-06CB-47A0-AB94-FA186CABEEB6}.Debug|Any CPU.Build.0 = Debug|Any CPU
		{B0309932-06CB-47A0-AB94-FA186CABEEB6}.Release|Any CPU.ActiveCfg = Release|Any CPU
		{B0309932-06CB-47A0-AB94-FA186CABEEB6}.Release|Any CPU.Build.0 = Release|Any CPU
	EndGlobalSection
	GlobalSection(SolutionProperties) = preSolution
		HideSolutionNode = FALSE
	EndGlobalSection
	GlobalSection(ExtensibilityGlobals) = postSolution
		SolutionGuid = {3FEC017F-48D8-4F39-A1CD-D76119D00019}
	EndGlobalSection
EndGlobal
